
Microsoft Visual Studio Solution File, Format Version 12.00
# Visual Studio Version 17
VisualStudioVersion = 17.9.34407.89
MinimumVisualStudioVersion = 10.0.40219.1
Project("{FAE04EC0-301F-11D3-BF4B-00C04F79EFBC}") = "background_job", "background_job\background_job.csproj", "{0D86A463-06B3-4EDA-AB39-025FF8E779AB}"
EndProject
Global
	GlobalSection(SolutionConfigurationPlatforms) = preSolution
		Debug|Any CPU = Debug|Any CPU
		Release|Any CPU = Release|Any CPU
	EndGlobalSection
	GlobalSection(ProjectConfigurationPlatforms) = postSolution
		{0D86A463-06B3-4EDA-AB39-025FF8E779AB}.Debug|Any CPU.ActiveCfg = Debug|Any CPU
		{0D86A463-06B3-4EDA-AB39-025FF8E779AB}.Debug|Any CPU.Build.0 = Debug|Any CPU
		{0D86A463-06B3-4EDA-AB39-025FF8E779AB}.Release|Any CPU.ActiveCfg = Release|Any CPU
		{0D86A463-06B3-4EDA-AB39-025FF8E779AB}.Release|Any CPU.Build.0 = Release|Any CPU
	EndGlobalSection
	GlobalSection(SolutionProperties) = preSolution
		HideSolutionNode = FALSE
	EndGlobalSection
	GlobalSection(ExtensibilityGlobals) = postSolution
		SolutionGuid = {D073D45A-6FAA-49E8-95E7-307ACA0EEB36}
	EndGlobalSection
EndGlobal
